# This file is automatically @generated by Poetry 1.5.1 and should not be changed by hand.

[[package]]
name = "slack-sdk"
version = "3.21.3"
description = "The Slack API Platform SDK for Python"
optional = false
python-versions = ">=3.6.0"
files = [
    {file = "slack_sdk-3.21.3-py2.py3-none-any.whl", hash = "sha256:de3c07b92479940b61cd68c566f49fbc9974c8f38f661d26244078f3903bb9cc"},
    {file = "slack_sdk-3.21.3.tar.gz", hash = "sha256:20829bdc1a423ec93dac903470975ebf3bc76fd3fd91a4dadc0eeffc940ecb0c"},
]

[package.extras]
optional = ["SQLAlchemy (>=1.4,<3)", "aiodns (>1.0)", "aiohttp (>=3.7.3,<4)", "boto3 (<=2)", "websocket-client (>=1,<2)", "websockets (>=10,<11)"]
testing = ["Flask (>=1,<2)", "Flask-Sockets (>=0.2,<1)", "Jinja2 (==3.0.3)", "Werkzeug (<2)", "black (==22.8.0)", "boto3 (<=2)", "click (==8.0.4)", "databases (>=0.5)", "flake8 (>=5,<6)", "itsdangerous (==1.1.0)", "moto (>=3,<4)", "psutil (>=5,<6)", "pytest (>=6.2.5,<7)", "pytest-asyncio (<1)", "pytest-cov (>=2,<3)"]

[metadata]
lock-version = "2.0"
python-versions = "^3.11"
content-hash = "5e08b708a213d24572d9988d54734b94534cd1832a3597455f0b7fa4704272f7"
